// !$*UTF8*$!
{
	archiveVersion = 1;
	classes = {
	};
	objectVersion = 46;
	objects = {

/* Begin PBXBuildFile section */
		F51941581BED5D90008B7ECC /* PhotoTableViewController.swift in Sources */ = {isa = PBXBuildFile; fileRef = F51941571BED5D90008B7ECC /* PhotoTableViewController.swift */; };
		F519415A1BED5E0D008B7ECC /* DisplayViewController.swift in Sources */ = {isa = PBXBuildFile; fileRef = F51941591BED5E0D008B7ECC /* DisplayViewController.swift */; };
		F519415C1BED5F29008B7ECC /* InfoViewController.swift in Sources */ = {isa = PBXBuildFile; fileRef = F519415B1BED5F29008B7ECC /* InfoViewController.swift */; };
		F549AA941BED41DC00DA2904 /* AppDelegate.swift in Sources */ = {isa = PBXBuildFile; fileRef = F549AA931BED41DC00DA2904 /* AppDelegate.swift */; };
		F549AA991BED41DC00DA2904 /* Main.storyboard in Resources */ = {isa = PBXBuildFile; fileRef = F549AA971BED41DC00DA2904 /* Main.storyboard */; };
		F549AA9B1BED41DC00DA2904 /* Images.xcassets in Resources */ = {isa = PBXBuildFile; fileRef = F549AA9A1BED41DC00DA2904 /* Images.xcassets */; };
		F549AA9E1BED41DC00DA2904 /* LaunchScreen.xib in Resources */ = {isa = PBXBuildFile; fileRef = F549AA9C1BED41DC00DA2904 /* LaunchScreen.xib */; };
		F549AAAA1BED41DC00DA2904 /* PhotoTests.swift in Sources */ = {isa = PBXBuildFile; fileRef = F549AAA91BED41DC00DA2904 /* PhotoTests.swift */; };
		F549AAB41BED464400DA2904 /* IPhoto.swift in Sources */ = {isa = PBXBuildFile; fileRef = F549AAB31BED464400DA2904 /* IPhoto.swift */; };
/* End PBXBuildFile section */

/* Begin PBXContainerItemProxy section */
		F549AAA41BED41DC00DA2904 /* PBXContainerItemProxy */ = {
			isa = PBXContainerItemProxy;
			containerPortal = F549AA861BED41DC00DA2904 /* Project object */;
			proxyType = 1;
			remoteGlobalIDString = F549AA8D1BED41DC00DA2904;
			remoteInfo = Photo;
		};
/* End PBXContainerItemProxy section */

/* Begin PBXFileReference section */
		F51941571BED5D90008B7ECC /* PhotoTableViewController.swift */ = {isa = PBXFileReference; fileEncoding = 4; lastKnownFileType = sourcecode.swift; path = PhotoTableViewController.swift; sourceTree = "<group>"; };
		F51941591BED5E0D008B7ECC /* DisplayViewController.swift */ = {isa = PBXFileReference; fileEncoding = 4; lastKnownFileType = sourcecode.swift; path = DisplayViewController.swift; sourceTree = "<group>"; };
		F519415B1BED5F29008B7ECC /* InfoViewController.swift */ = {isa = PBXFileReference; fileEncoding = 4; lastKnownFileType = sourcecode.swift; path = InfoViewController.swift; sourceTree = "<group>"; };
		F549AA8E1BED41DC00DA2904 /* Photo.app */ = {isa = PBXFileReference; explicitFileType = wrapper.application; includeInIndex = 0; path = Photo.app; sourceTree = BUILT_PRODUCTS_DIR; };
		F549AA921BED41DC00DA2904 /* Info.plist */ = {isa = PBXFileReference; lastKnownFileType = text.plist.xml; path = Info.plist; sourceTree = "<group>"; };
		F549AA931BED41DC00DA2904 /* AppDelegate.swift */ = {isa = PBXFileReference; lastKnownFileType = sourcecode.swift; path = AppDelegate.swift; sourceTree = "<group>"; };
		F549AA981BED41DC00DA2904 /* Base */ = {isa = PBXFileReference; lastKnownFileType = file.storyboard; name = Base; path = Base.lproj/Main.storyboard; sourceTree = "<group>"; };
		F549AA9A1BED41DC00DA2904 /* Images.xcassets */ = {isa = PBXFileReference; lastKnownFileType = folder.assetcatalog; path = Images.xcassets; sourceTree = "<group>"; };
		F549AA9D1BED41DC00DA2904 /* Base */ = {isa = PBXFileReference; lastKnownFileType = file.xib; name = Base; path = Base.lproj/LaunchScreen.xib; sourceTree = "<group>"; };
		F549AAA31BED41DC00DA2904 /* PhotoTests.xctest */ = {isa = PBXFileReference; explicitFileType = wrapper.cfbundle; includeInIndex = 0; path = PhotoTests.xctest; sourceTree = BUILT_PRODUCTS_DIR; };
		F549AAA81BED41DC00DA2904 /* Info.plist */ = {isa = PBXFileReference; lastKnownFileType = text.plist.xml; path = Info.plist; sourceTree = "<group>"; };
		F549AAA91BED41DC00DA2904 /* PhotoTests.swift */ = {isa = PBXFileReference; lastKnownFileType = sourcecode.swift; path = PhotoTests.swift; sourceTree = "<group>"; };
		F549AAB31BED464400DA2904 /* IPhoto.swift */ = {isa = PBXFileReference; fileEncoding = 4; lastKnownFileType = sourcecode.swift; path = IPhoto.swift; sourceTree = "<group>"; };
/* End PBXFileReference section */

/* Begin PBXFrameworksBuildPhase section */
		F549AA8B1BED41DC00DA2904 /* Frameworks */ = {
			isa = PBXFrameworksBuildPhase;
			buildActionMask = 2147483647;
			files = (
			);
			runOnlyForDeploymentPostprocessing = 0;
		};
		F549AAA01BED41DC00DA2904 /* Frameworks */ = {
			isa = PBXFrameworksBuildPhase;
			buildActionMask = 2147483647;
			files = (
			);
			runOnlyForDeploymentPostprocessing = 0;
		};
/* End PBXFrameworksBuildPhase section */

/* Begin PBXGroup section */
		F549AA851BED41DC00DA2904 = {
			isa = PBXGroup;
			children = (
				F549AA901BED41DC00DA2904 /* Photo */,
				F549AAA61BED41DC00DA2904 /* PhotoTests */,
				F549AA8F1BED41DC00DA2904 /* Products */,
			);
			sourceTree = "<group>";
		};
		F549AA8F1BED41DC00DA2904 /* Products */ = {
			isa = PBXGroup;
			children = (
				F549AA8E1BED41DC00DA2904 /* Photo.app */,
				F549AAA31BED41DC00DA2904 /* PhotoTests.xctest */,
			);
			name = Products;
			sourceTree = "<group>";
		};
		F549AA901BED41DC00DA2904 /* Photo */ = {
			isa = PBXGroup;
			children = (
				F549AA931BED41DC00DA2904 /* AppDelegate.swift */,
				F51941591BED5E0D008B7ECC /* DisplayViewController.swift */,
				F51941571BED5D90008B7ECC /* PhotoTableViewController.swift */,
				F519415B1BED5F29008B7ECC /* InfoViewController.swift */,
				F549AA971BED41DC00DA2904 /* Main.storyboard */,
				F549AA9A1BED41DC00DA2904 /* Images.xcassets */,
				F549AA9C1BED41DC00DA2904 /* LaunchScreen.xib */,
				F549AA911BED41DC00DA2904 /* Supporting Files */,
				F549AAB31BED464400DA2904 /* IPhoto.swift */,
			);
			path = Photo;
			sourceTree = "<group>";
		};
		F549AA911BED41DC00DA2904 /* Supporting Files */ = {
			isa = PBXGroup;
			children = (
				F549AA921BED41DC00DA2904 /* Info.plist */,
			);
			name = "Supporting Files";
			sourceTree = "<group>";
		};
		F549AAA61BED41DC00DA2904 /* PhotoTests */ = {
			isa = PBXGroup;
			children = (
				F549AAA91BED41DC00DA2904 /* PhotoTests.swift */,
				F549AAA71BED41DC00DA2904 /* Supporting Files */,
			);
			path = PhotoTests;
			sourceTree = "<group>";
		};
		F549AAA71BED41DC00DA2904 /* Supporting Files */ = {
			isa = PBXGroup;
			children = (
				F549AAA81BED41DC00DA2904 /* Info.plist */,
			);
			name = "Supporting Files";
			sourceTree = "<group>";
		};
/* End PBXGroup section */

/* Begin PBXNativeTarget section */
		F549AA8D1BED41DC00DA2904 /* Photo */ = {
			isa = PBXNativeTarget;
			buildConfigurationList = F549AAAD1BED41DC00DA2904 /* Build configuration list for PBXNativeTarget "Photo" */;
			buildPhases = (
				F549AA8A1BED41DC00DA2904 /* Sources */,
				F549AA8B1BED41DC00DA2904 /* Frameworks */,
				F549AA8C1BED41DC00DA2904 /* Resources */,
			);
			buildRules = (
			);
			dependencies = (
			);
			name = Photo;
			productName = Photo;
			productReference = F549AA8E1BED41DC00DA2904 /* Photo.app */;
			productType = "com.apple.product-type.application";
		};
		F549AAA21BED41DC00DA2904 /* PhotoTests */ = {
			isa = PBXNativeTarget;
			buildConfigurationList = F549AAB01BED41DC00DA2904 /* Build configuration list for PBXNativeTarget "PhotoTests" */;
			buildPhases = (
				F549AA9F1BED41DC00DA2904 /* Sources */,
				F549AAA01BED41DC00DA2904 /* Frameworks */,
				F549AAA11BED41DC00DA2904 /* Resources */,
			);
			buildRules = (
			);
			dependencies = (
				F549AAA51BED41DC00DA2904 /* PBXTargetDependency */,
			);
			name = PhotoTests;
			productName = PhotoTests;
			productReference = F549AAA31BED41DC00DA2904 /* PhotoTests.xctest */;
			productType = "com.apple.product-type.bundle.unit-test";
		};
/* End PBXNativeTarget section */

/* Begin PBXProject section */
		F549AA861BED41DC00DA2904 /* Project object */ = {
			isa = PBXProject;
			attributes = {
				LastSwiftUpdateCheck = 0710;
				LastUpgradeCheck = 0710;
				ORGANIZATIONNAME = Nylon;
				TargetAttributes = {
					F549AA8D1BED41DC00DA2904 = {
						CreatedOnToolsVersion = 6.4;
					};
					F549AAA21BED41DC00DA2904 = {
						CreatedOnToolsVersion = 6.4;
						TestTargetID = F549AA8D1BED41DC00DA2904;
					};
				};
			};
			buildConfigurationList = F549AA891BED41DC00DA2904 /* Build configuration list for PBXProject "Photo" */;
			compatibilityVersion = "Xcode 3.2";
			developmentRegion = English;
			hasScannedForEncodings = 0;
			knownRegions = (
				en,
				Base,
			);
			mainGroup = F549AA851BED41DC00DA2904;
			productRefGroup = F549AA8F1BED41DC00DA2904 /* Products */;
			projectDirPath = "";
			projectRoot = "";
			targets = (
				F549AA8D1BED41DC00DA2904 /* Photo */,
				F549AAA21BED41DC00DA2904 /* PhotoTests */,
			);
		};
/* End PBXProject section */

/* Begin PBXResourcesBuildPhase section */
		F549AA8C1BED41DC00DA2904 /* Resources */ = {
			isa = PBXResourcesBuildPhase;
			buildActionMask = 2147483647;
			files = (
				F549AA991BED41DC00DA2904 /* Main.storyboard in Resources */,
				F549AA9E1BED41DC00DA2904 /* LaunchScreen.xib in Resources */,
				F549AA9B1BED41DC00DA2904 /* Images.xcassets in Resources */,
			);
			runOnlyForDeploymentPostprocessing = 0;
		};
		F549AAA11BED41DC00DA2904 /* Resources */ = {
			isa = PBXResourcesBuildPhase;
			buildActionMask = 2147483647;
			files = (
			);
			runOnlyForDeploymentPostprocessing = 0;
		};
/* End PBXResourcesBuildPhase section */

/* Begin PBXSourcesBuildPhase section */
		F549AA8A1BED41DC00DA2904 /* Sources */ = {
			isa = PBXSourcesBuildPhase;
			buildActionMask = 2147483647;
			files = (
				F549AAB41BED464400DA2904 /* IPhoto.swift in Sources */,
				F51941581BED5D90008B7ECC /* PhotoTableViewController.swift in Sources */,
				F549AA941BED41DC00DA2904 /* AppDelegate.swift in Sources */,
				F519415A1BED5E0D008B7ECC /* DisplayViewController.swift in Sources */,
				F519415C1BED5F29008B7ECC /* InfoViewController.swift in Sources */,
			);
			runOnlyForDeploymentPostprocessing = 0;
		};
		F549AA9F1BED41DC00DA2904 /* Sources */ = {
			isa = PBXSourcesBuildPhase;
			buildActionMask = 2147483647;
			files = (
				F549AAAA1BED41DC00DA2904 /* PhotoTests.swift in Sources */,
			);
			runOnlyForDeploymentPostprocessing = 0;
		};
/* End PBXSourcesBuildPhase section */

/* Begin PBXTargetDependency section */
		F549AAA51BED41DC00DA2904 /* PBXTargetDependency */ = {
			isa = PBXTargetDependency;
			target = F549AA8D1BED41DC00DA2904 /* Photo */;
			targetProxy = F549AAA41BED41DC00DA2904 /* PBXContainerItemProxy */;
		};
/* End PBXTargetDependency section */

/* Begin PBXVariantGroup section */
		F549AA971BED41DC00DA2904 /* Main.storyboard */ = {
			isa = PBXVariantGroup;
			children = (
				F549AA981BED41DC00DA2904 /* Base */,
			);
			name = Main.storyboard;
			sourceTree = "<group>";
		};
		F549AA9C1BED41DC00DA2904 /* LaunchScreen.xib */ = {
			isa = PBXVariantGroup;
			children = (
				F549AA9D1BED41DC00DA2904 /* Base */,
			);
			name = LaunchScreen.xib;
			sourceTree = "<group>";
		};
/* End PBXVariantGroup section */

/* Begin XCBuildConfiguration section */
		F549AAAB1BED41DC00DA2904 /* Debug */ = {
			isa = XCBuildConfiguration;
			buildSettings = {
				ALWAYS_SEARCH_USER_PATHS = NO;
				CLANG_CXX_LANGUAGE_STANDARD = "gnu++0x";
				CLANG_CXX_LIBRARY = "libc++";
				CLANG_ENABLE_MODULES = YES;
				CLANG_ENABLE_OBJC_ARC = YES;
				CLANG_WARN_BOOL_CONVERSION = YES;
				CLANG_WARN_CONSTANT_CONVERSION = YES;
				CLANG_WARN_DIRECT_OBJC_ISA_USAGE = YES_ERROR;
				CLANG_WARN_EMPTY_BODY = YES;
				CLANG_WARN_ENUM_CONVERSION = YES;
				CLANG_WARN_INT_CONVERSION = YES;
				CLANG_WARN_OBJC_ROOT_CLASS = YES_ERROR;
				CLANG_WARN_UNREACHABLE_CODE = YES;
				CLANG_WARN__DUPLICATE_METHOD_MATCH = YES;
				"CODE_SIGN_IDENTITY[sdk=iphoneos*]" = "iPhone Developer";
				COPY_PHASE_STRIP = NO;
				DEBUG_INFORMATION_FORMAT = "dwarf-with-dsym";
				ENABLE_STRICT_OBJC_MSGSEND = YES;
				ENABLE_TESTABILITY = YES;
				GCC_C_LANGUAGE_STANDARD = gnu99;
				GCC_DYNAMIC_NO_PIC = NO;
				GCC_NO_COMMON_BLOCKS = YES;
				GCC_OPTIMIZATION_LEVEL = 0;
				GCC_PREPROCESSOR_DEFINITIONS = (
					"DEBUG=1",
					"$(inherited)",
				);
				GCC_SYMBOLS_PRIVATE_EXTERN = NO;
				GCC_WARN_64_TO_32_BIT_CONVERSION = YES;
				GCC_WARN_ABOUT_RETURN_TYPE = YES_ERROR;
				GCC_WARN_UNDECLARED_SELECTOR = YES;
				GCC_WARN_UNINITIALIZED_AUTOS = YES_AGGRESSIVE;
				GCC_WARN_UNUSED_FUNCTION = YES;
				GCC_WARN_UNUSED_VARIABLE = YES;
				IPHONEOS_DEPLOYMENT_TARGET = 9.1;
				MTL_ENABLE_DEBUG_INFO = YES;
				ONLY_ACTIVE_ARCH = YES;
				SDKROOT = iphoneos;
				SWIFT_OPTIMIZATION_LEVEL = "-Onone";
			};
			name = Debug;
		};
		F549AAAC1BED41DC00DA2904 /* Release */ = {
			isa = XCBuildConfiguration;
			buildSettings = {
				ALWAYS_SEARCH_USER_PATHS = NO;
				CLANG_CXX_LANGUAGE_STANDARD = "gnu++0x";
				CLANG_CXX_LIBRARY = "libc++";
				CLANG_ENABLE_MODULES = YES;
				CLANG_ENABLE_OBJC_ARC = YES;
				CLANG_WARN_BOOL_CONVERSION = YES;
				CLANG_WARN_CONSTANT_CONVERSION = YES;
				CLANG_WARN_DIRECT_OBJC_ISA_USAGE = YES_ERROR;
				CLANG_WARN_EMPTY_BODY = YES;
				CLANG_WARN_ENUM_CONVERSION = YES;
				CLANG_WARN_INT_CONVERSION = YES;
				CLANG_WARN_OBJC_ROOT_CLASS = YES_ERROR;
				CLANG_WARN_UNREACHABLE_CODE = YES;
				CLANG_WARN__DUPLICATE_METHOD_MATCH = YES;
				"CODE_SIGN_IDENTITY[sdk=iphoneos*]" = "iPhone Developer";
				COPY_PHASE_STRIP = NO;
				DEBUG_INFORMATION_FORMAT = "dwarf-with-dsym";
				ENABLE_NS_ASSERTIONS = NO;
				ENABLE_STRICT_OBJC_MSGSEND = YES;
				GCC_C_LANGUAGE_STANDARD = gnu99;
				GCC_NO_COMMON_BLOCKS = YES;
				GCC_WARN_64_TO_32_BIT_CONVERSION = YES;
				GCC_WARN_ABOUT_RETURN_TYPE = YES_ERROR;
				GCC_WARN_UNDECLARED_SELECTOR = YES;
				GCC_WARN_UNINITIALIZED_AUTOS = YES_AGGRESSIVE;
				GCC_WARN_UNUSED_FUNCTION = YES;
				GCC_WARN_UNUSED_VARIABLE = YES;
				IPHONEOS_DEPLOYMENT_TARGET = 9.1;
				MTL_ENABLE_DEBUG_INFO = NO;
				SDKROOT = iphoneos;
				VALIDATE_PRODUCT = YES;
			};
			name = Release;
		};
		F549AAAE1BED41DC00DA2904 /* Debug */ = {
			isa = XCBuildConfiguration;
			buildSettings = {
				ASSETCATALOG_COMPILER_APPICON_NAME = AppIcon;
				INFOPLIST_FILE = Photo/Info.plist;
				LD_RUNPATH_SEARCH_PATHS = "$(inherited) @executable_path/Frameworks";
				PRODUCT_BUNDLE_IDENTIFIER = "com.Nylondev.$(PRODUCT_NAME:rfc1034identifier)";
				PRODUCT_NAME = "$(TARGET_NAME)";
			};
			name = Debug;
		};
		F549AAAF1BED41DC00DA2904 /* Release */ = {
			isa = XCBuildConfiguration;
			buildSettings = {
				ASSETCATALOG_COMPILER_APPICON_NAME = AppIcon;
				INFOPLIST_FILE = Photo/Info.plist;
				LD_RUNPATH_SEARCH_PATHS = "$(inherited) @executable_path/Frameworks";
				PRODUCT_BUNDLE_IDENTIFIER = "com.Nylondev.$(PRODUCT_NAME:rfc1034identifier)";
				PRODUCT_NAME = "$(TARGET_NAME)";
			};
			name = Release;
		};
		F549AAB11BED41DC00DA2904 /* Debug */ = {
			isa = XCBuildConfiguration;
			buildSettings = {
				BUNDLE_LOADER = "$(TEST_HOST)";
				FRAMEWORK_SEARCH_PATHS = (
					"$(SDKROOT)/Developer/Library/Frameworks",
					"$(inherited)",
				);
				GCC_PREPROCESSOR_DEFINITIONS = (
					"DEBUG=1",
					"$(inherited)",
				);
				INFOPLIST_FILE = PhotoTests/Info.plist;
				LD_RUNPATH_SEARCH_PATHS = "$(inherited) @executable_path/Frameworks @loader_path/Frameworks";
				PRODUCT_BUNDLE_IDENTIFIER = "com.Nylondev.$(PRODUCT_NAME:rfc1034identifier)";
				PRODUCT_NAME = "$(TARGET_NAME)";
				TEST_HOST = "$(BUILT_PRODUCTS_DIR)/Photo.app/Photo";
			};
			name = Debug;
		};
		F549AAB21BED41DC00DA2904 /* Release */ = {
			isa = XCBuildConfiguration;
			buildSettings = {
				BUNDLE_LOADER = "$(TEST_HOST)";
				FRAMEWORK_SEARCH_PATHS = (
					"$(SDKROOT)/Developer/Library/Frameworks",
					"$(inherited)",
				);
				INFOPLIST_FILE = PhotoTests/Info.plist;
				LD_RUNPATH_SEARCH_PATHS = "$(inherited) @executable_path/Frameworks @loader_path/Frameworks";
				PRODUCT_BUNDLE_IDENTIFIER = "com.Nylondev.$(PRODUCT_NAME:rfc1034identifier)";
				PRODUCT_NAME = "$(TARGET_NAME)";
				TEST_HOST = "$(BUILT_PRODUCTS_DIR)/Photo.app/Photo";
			};
			name = Release;
		};
/* End XCBuildConfiguration section */

/* Begin XCConfigurationList section */
		F549AA891BED41DC00DA2904 /* Build configuration list for PBXProject "Photo" */ = {
			isa = XCConfigurationList;
			buildConfigurations = (
				F549AAAB1BED41DC00DA2904 /* Debug */,
				F549AAAC1BED41DC00DA2904 /* Release */,
			);
			defaultConfigurationIsVisible = 0;
			defaultConfigurationName = Release;
		};
		F549AAAD1BED41DC00DA2904 /* Build configuration list for PBXNativeTarget "Photo" */ = {
			isa = XCConfigurationList;
			buildConfigurations = (
				F549AAAE1BED41DC00DA2904 /* Debug */,
				F549AAAF1BED41DC00DA2904 /* Release */,
			);
			defaultConfigurationIsVisible = 0;
			defaultConfigurationName = Release;
		};
		F549AAB01BED41DC00DA2904 /* Build configuration list for PBXNativeTarget "PhotoTests" */ = {
			isa = XCConfigurationList;
			buildConfigurations = (
				F549AAB11BED41DC00DA2904 /* Debug */,
				F549AAB21BED41DC00DA2904 /* Release */,
			);
			defaultConfigurationIsVisible = 0;
			defaultConfigurationName = Release;
		};
/* End XCConfigurationList section */
	};
	rootObject = F549AA861BED41DC00DA2904 /* Project object */;
}
